
Microsoft Visual Studio Solution File, Format Version 11.00
# Visual Studio 2010
Project("{8BC9CEB8-8B4A-11D0-8D11-00A0C91BC942}") = "encryption", "encryption\encryption.vcxproj", "{B294A0FB-D85E-4D39-BEA6-17CDDB6094BB}"
EndProject
Project("{8BC9CEB8-8B4A-11D0-8D11-00A0C91BC942}") = "signature", "signature\signature.vcxproj", "{436E2C20-CF42-4871-A8E0-49A1109FA61F}"
EndProject
Global
	GlobalSection(SolutionConfigurationPlatforms) = preSolution
		Debug|Win32 = Debug|Win32
		Release|Win32 = Release|Win32
	EndGlobalSection
	GlobalSection(ProjectConfigurationPlatforms) = postSolution
		{B294A0FB-D85E-4D39-BEA6-17CDDB6094BB}.Debug|Win32.ActiveCfg = Debug|Win32
		{B294A0FB-D85E-4D39-BEA6-17CDDB6094BB}.Debug|Win32.Build.0 = Debug|Win32
		{B294A0FB-D85E-4D39-BEA6-17CDDB6094BB}.Release|Win32.ActiveCfg = Release|Win32
		{B294A0FB-D85E-4D39-BEA6-17CDDB6094BB}.Release|Win32.Build.0 = Release|Win32
		{436E2C20-CF42-4871-A8E0-49A1109FA61F}.Debug|Win32.ActiveCfg = Debug|Win32
		{436E2C20-CF42-4871-A8E0-49A1109FA61F}.Debug|Win32.Build.0 = Debug|Win32
		{436E2C20-CF42-4871-A8E0-49A1109FA61F}.Release|Win32.ActiveCfg = Release|Win32
		{436E2C20-CF42-4871-A8E0-49A1109FA61F}.Release|Win32.Build.0 = Release|Win32
	EndGlobalSection
	GlobalSection(SolutionProperties) = preSolution
		HideSolutionNode = FALSE
	EndGlobalSection
EndGlobal
